
Microsoft Visual Studio Solution File, Format Version 12.00
# Visual Studio Version 17
VisualStudioVersion = 17.5.33530.505
MinimumVisualStudioVersion = 10.0.40219.1
Project("{888888A0-9F3D-457C-B088-3A5042F75D52}") = "To-Do List", "To-Do List.pyproj", "{7C0ACA1A-419F-4E12-8CB0-BA7465EF4001}"
EndProject
Global
	GlobalSection(SolutionConfigurationPlatforms) = preSolution
		Debug|Any CPU = Debug|Any CPU
		Release|Any CPU = Release|Any CPU
	EndGlobalSection
	GlobalSection(ProjectConfigurationPlatforms) = postSolution
		{7C0ACA1A-419F-4E12-8CB0-BA7465EF4001}.Debug|Any CPU.ActiveCfg = Debug|Any CPU
		{7C0ACA1A-419F-4E12-8CB0-BA7465EF4001}.Release|Any CPU.ActiveCfg = Release|Any CPU
	EndGlobalSection
	GlobalSection(SolutionProperties) = preSolution
		HideSolutionNode = FALSE
	EndGlobalSection
	GlobalSection(ExtensibilityGlobals) = postSolution
		SolutionGuid = {A846D78F-8572-49EF-A74B-BA980569599F}
	EndGlobalSection
EndGlobal
